
Microsoft Visual Studio Solution File, Format Version 12.00
# Visual Studio Version 17
VisualStudioVersion = 17.14.36414.22 d17.14
MinimumVisualStudioVersion = 10.0.40219.1
Project("{FAE04EC0-301F-11D3-BF4B-00C04F79EFBC}") = "Bankaccont2", "Bankaccont2.csproj", "{C16E984C-0A23-4324-8850-38B5FA1A4950}"
EndProject
Global
	GlobalSection(SolutionConfigurationPlatforms) = preSolution
		Debug|Any CPU = Debug|Any CPU
		Release|Any CPU = Release|Any CPU
	EndGlobalSection
	GlobalSection(ProjectConfigurationPlatforms) = postSolution
		{C16E984C-0A23-4324-8850-38B5FA1A4950}.Debug|Any CPU.ActiveCfg = Debug|Any CPU
		{C16E984C-0A23-4324-8850-38B5FA1A4950}.Debug|Any CPU.Build.0 = Debug|Any CPU
		{C16E984C-0A23-4324-8850-38B5FA1A4950}.Release|Any CPU.ActiveCfg = Release|Any CPU
		{C16E984C-0A23-4324-8850-38B5FA1A4950}.Release|Any CPU.Build.0 = Release|Any CPU
	EndGlobalSection
	GlobalSection(SolutionProperties) = preSolution
		HideSolutionNode = FALSE
	EndGlobalSection
	GlobalSection(ExtensibilityGlobals) = postSolution
		SolutionGuid = {26D23FC3-9CAF-446D-9A5E-48C0615484E5}
	EndGlobalSection
EndGlobal
